{
  "requires": true,
  "lockfileVersion": 1,
  "dependencies": {
    "@prisma/cli": {
      "version": "2.4.1",
      "resolved": "https://registry.npmjs.org/@prisma/cli/-/cli-2.4.1.tgz",
      "integrity": "sha512-vAOBnouBgCYndXmTcGxanfmhVWUCpwr3akBXiQH+ZKzTYf/pwSsWYpeaXNQfVtUEJEQ0kumfLGdq6ZXnfX//aA=="
    }
  }
}
